
Microsoft Visual Studio Solution File, Format Version 12.00
# Visual Studio 2012
Project("{FAE04EC0-301F-11D3-BF4B-00C04F79EFBC}") = "Cpm.Domains", "Cpm.Domains\Cpm.Domains.csproj", "{7B34AF48-046C-4A0E-BE1E-EDF1078B5FCA}"
EndProject
Project("{FAE04EC0-301F-11D3-BF4B-00C04F79EFBC}") = "Cpm.Domains.Test", "Cpm.Domains.Test\Cpm.Domains.Test.csproj", "{114E1A0F-A6CF-4017-86A2-CB79424B6B47}"
EndProject
Project("{FAE04EC0-301F-11D3-BF4B-00C04F79EFBC}") = "Cpm.FluentMapping.Nh", "Cpm.FluentMapping.Nh\Cpm.FluentMapping.Nh.csproj", "{B037554D-AF65-479C-AF1A-D35FC99F4982}"
EndProject
Global
	GlobalSection(SolutionConfigurationPlatforms) = preSolution
		Debug|Any CPU = Debug|Any CPU
		Release|Any CPU = Release|Any CPU
	EndGlobalSection
	GlobalSection(ProjectConfigurationPlatforms) = postSolution
		{7B34AF48-046C-4A0E-BE1E-EDF1078B5FCA}.Debug|Any CPU.ActiveCfg = Debug|Any CPU
		{7B34AF48-046C-4A0E-BE1E-EDF1078B5FCA}.Debug|Any CPU.Build.0 = Debug|Any CPU
		{7B34AF48-046C-4A0E-BE1E-EDF1078B5FCA}.Release|Any CPU.ActiveCfg = Release|Any CPU
		{7B34AF48-046C-4A0E-BE1E-EDF1078B5FCA}.Release|Any CPU.Build.0 = Release|Any CPU
		{114E1A0F-A6CF-4017-86A2-CB79424B6B47}.Debug|Any CPU.ActiveCfg = Debug|Any CPU
		{114E1A0F-A6CF-4017-86A2-CB79424B6B47}.Debug|Any CPU.Build.0 = Debug|Any CPU
		{114E1A0F-A6CF-4017-86A2-CB79424B6B47}.Release|Any CPU.ActiveCfg = Release|Any CPU
		{114E1A0F-A6CF-4017-86A2-CB79424B6B47}.Release|Any CPU.Build.0 = Release|Any CPU
		{B037554D-AF65-479C-AF1A-D35FC99F4982}.Debug|Any CPU.ActiveCfg = Debug|Any CPU
		{B037554D-AF65-479C-AF1A-D35FC99F4982}.Debug|Any CPU.Build.0 = Debug|Any CPU
		{B037554D-AF65-479C-AF1A-D35FC99F4982}.Release|Any CPU.ActiveCfg = Release|Any CPU
		{B037554D-AF65-479C-AF1A-D35FC99F4982}.Release|Any CPU.Build.0 = Release|Any CPU
	EndGlobalSection
	GlobalSection(SolutionProperties) = preSolution
		HideSolutionNode = FALSE
	EndGlobalSection
EndGlobal
